
Microsoft Visual Studio Solution File, Format Version 12.00
# Visual Studio Version 17
VisualStudioVersion = 17.9.34607.119
MinimumVisualStudioVersion = 10.0.40219.1
Project("{FAE04EC0-301F-11D3-BF4B-00C04F79EFBC}") = "SqlLiteExample", "SqlLiteExample.csproj", "{DA76BB02-9DED-44CF-AEC0-2825BA31300A}"
EndProject
Global
	GlobalSection(SolutionConfigurationPlatforms) = preSolution
		Debug|Any CPU = Debug|Any CPU
		Release|Any CPU = Release|Any CPU
	EndGlobalSection
	GlobalSection(ProjectConfigurationPlatforms) = postSolution
		{DA76BB02-9DED-44CF-AEC0-2825BA31300A}.Debug|Any CPU.ActiveCfg = Debug|Any CPU
		{DA76BB02-9DED-44CF-AEC0-2825BA31300A}.Debug|Any CPU.Build.0 = Debug|Any CPU
		{DA76BB02-9DED-44CF-AEC0-2825BA31300A}.Release|Any CPU.ActiveCfg = Release|Any CPU
		{DA76BB02-9DED-44CF-AEC0-2825BA31300A}.Release|Any CPU.Build.0 = Release|Any CPU
	EndGlobalSection
	GlobalSection(SolutionProperties) = preSolution
		HideSolutionNode = FALSE
	EndGlobalSection
	GlobalSection(ExtensibilityGlobals) = postSolution
		SolutionGuid = {FFB8E6AC-2DAC-4A3B-8A99-39B9BD50D242}
	EndGlobalSection
EndGlobal
